{
  "nodes": {
    "aquamarine": {
      "inputs": {
        "hyprutils": [
          "hyprland",
          "hyprutils"
        ],
        "hyprwayland-scanner": [
          "hyprland",
          "hyprwayland-scanner"
        ],
        "nixpkgs": [
          "hyprland",
          "nixpkgs"
        ],
        "systems": [
          "hyprland",
          "systems"
        ]
      },
      "locked": {
        "lastModified": 1781194626,
        "narHash": "sha256-cUQENbJn0PHQUttXame5+PbGGew+BckHZFTfpb8XGI8=",
        "owner": "hyprwm",
        "repo": "aquamarine",
        "rev": "06669631175b4db2383b94e7f8c13f45a9d28757",
        "type": "github"
      },
      "original": {
        "owner": "hyprwm",
        "repo": "aquamarine",
        "type": "github"
      }
    },
    "browser-catppuccin-theme": {
      "flake": false,
      "locked": {
        "narHash": "sha256-K9VYLXT+dFTGwysnxHLT6271aYPzLuRGLT01s6y54Ao=",
        "type": "file",
        "url": "https://raw.githubusercontent.com/catppuccin/qutebrowser/refs/heads/main/setup.py"
      },
      "original": {
        "type": "file",
        "url": "https://raw.githubusercontent.com/catppuccin/qutebrowser/refs/heads/main/setup.py"
      }
    },
    "browser-everforest-theme": {
      "flake": false,
      "locked": {
        "narHash": "sha256-EEmeJ9as0A4d0zrOyW54IBc6cyF6NYUHUHpPfUvtKkw=",
        "type": "file",
        "url": "https://raw.githubusercontent.com/tinted-theming/base16-qutebrowser/refs/heads/main/themes/minimal/base16-everforest.config.py"
      },
      "original": {
        "type": "file",
        "url": "https://raw.githubusercontent.com/tinted-theming/base16-qutebrowser/refs/heads/main/themes/minimal/base16-everforest.config.py"
      }
    },
    "browser-gruvbox-theme": {
      "flake": false,
      "locked": {
        "narHash": "sha256-Yhc17OVFZi+Q1qGzoY5FsjZ9aGbqisXQWF3MxoYDi+E=",
        "type": "file",
        "url": "https://raw.githubusercontent.com/The-Compiler/dotfiles/refs/heads/master/qutebrowser/gruvbox.py"
      },
      "original": {
        "type": "file",
        "url": "https://raw.githubusercontent.com/The-Compiler/dotfiles/refs/heads/master/qutebrowser/gruvbox.py"
      }
    },
    "disko": {
      "inputs": {
        "nixpkgs": [
          "nixpkgs"
        ]
      },
      "locked": {
        "lastModified": 1781152676,
        "narHash": "sha256-RxWs5ND31KzTG7wvMM+PMfUjyNpmIEr999lqNARaM5o=",
        "owner": "nix-community",
        "repo": "disko",
        "rev": "ff8702b4de27f72b4c78573dfb89ec74e36abdf1",
        "type": "github"
      },
      "original": {
        "owner": "nix-community",
        "repo": "disko",
        "type": "github"
      }
    },
    "file-manager-catppuccin-theme": {
      "flake": false,
      "locked": {
        "dir": "catppuccin-mocha.yazi",
        "lastModified": 1782552321,
        "narHash": "sha256-erZI0H5TxqFu2P917juL5PIB3LC0oJGKPcB1VibJDqo=",
        "owner": "yazi-rs",
        "repo": "flavors",
        "rev": "4770a3467169bfdb0a3b11601921aaf27c100630",
        "type": "github"
      },
      "original": {
        "dir": "catppuccin-mocha.yazi",
        "owner": "yazi-rs",
        "repo": "flavors",
        "type": "github"
      }
    },
    "file-manager-everforest-theme": {
      "flake": false,
      "locked": {
        "lastModified": 1779665896,
        "narHash": "sha256-2Fx7+xnSsc+aVHBZUtLtVUDEzb1y8BcPBASciKk8x7o=",
        "owner": "Chromium-3-Oxide",
        "repo": "everforest-medium.yazi",
        "rev": "e1ead7b5a3bfc8eb572fd269a369775842752705",
        "type": "github"
      },
      "original": {
        "owner": "Chromium-3-Oxide",
        "repo": "everforest-medium.yazi",
        "type": "github"
      }
    },
    "file-manager-gruvbox-theme": {
      "flake": false,
      "locked": {
        "lastModified": 1767640078,
        "narHash": "sha256-Y/i+eS04T2+Sg/Z7/CGbuQHo5jxewXIgORTQm25uQb4=",
        "owner": "bennyyip",
        "repo": "gruvbox-dark.yazi",
        "rev": "619fdc5844db0c04f6115a62cf218e707de2821e",
        "type": "github"
      },
      "original": {
        "owner": "bennyyip",
        "repo": "gruvbox-dark.yazi",
        "type": "github"
      }
    },
    "flake-compat": {
      "flake": false,
      "locked": {
        "lastModified": 1767039857,
        "narHash": "sha256-vNpUSpF5Nuw8xvDLj2KCwwksIbjua2LZCqhV1LNRDns=",
        "owner": "NixOS",
        "repo": "flake-compat",
        "rev": "5edf11c44bc78a0d334f6334cdaf7d60d732daab",
        "type": "github"
      },
      "original": {
        "owner": "NixOS",
        "repo": "flake-compat",
        "type": "github"
      }
    },
    "flake-parts": {
      "inputs": {
        "nixpkgs-lib": [
          "lib"
        ]
      },
      "locked": {
        "lastModified": 1782949081,
        "narHash": "sha256-vp6Y/Grm98ESt6ceOkWiHWyZRDV3J1RID4w+6NWK9yA=",
        "owner": "hercules-ci",
        "repo": "flake-parts",
        "rev": "17c9d6cdfc60c64f4ee8d306f9bc0b4ccb51481e",
        "type": "github"
      },
      "original": {
        "owner": "hercules-ci",
        "repo": "flake-parts",
        "type": "github"
      }
    },
    "gitignore": {
      "inputs": {
        "nixpkgs": [
          "hyprland",
          "pre-commit-hooks",
          "nixpkgs"
        ]
      },
      "locked": {
        "lastModified": 1709087332,
        "narHash": "sha256-HG2cCnktfHsKV0s4XW83gU3F57gaTljL9KNSuG6bnQs=",
        "owner": "hercules-ci",
        "repo": "gitignore.nix",
        "rev": "637db329424fd7e46cf4185293b9cc8c88c95394",
        "type": "github"
      },
      "original": {
        "owner": "hercules-ci",
        "repo": "gitignore.nix",
        "type": "github"
      }
    },
    "greasemonkey-scripts": {
      "flake": false,
      "locked": {
        "lastModified": 1780211872,
        "narHash": "sha256-5LFik21mynOU6ueV0JCNe9/Gswe7NiqLyShf4yqdy50=",
        "owner": "afreakk",
        "repo": "greasemonkeyscripts",
        "rev": "1ab9f20435cdc39c6551e940fb7788d3207161e6",
        "type": "github"
      },
      "original": {
        "owner": "afreakk",
        "repo": "greasemonkeyscripts",
        "type": "github"
      }
    },
    "home-manager": {
      "inputs": {
        "nixpkgs": [
          "nixpkgs"
        ]
      },
      "locked": {
        "lastModified": 1784546264,
        "narHash": "sha256-jxVr5EHMYAOkFvS2k0abIvt6NqyshyWmiHHzV17sT2g=",
        "owner": "nix-community",
        "repo": "home-manager",
        "rev": "e3dea8e4792b09a6c0eb5836b0284ad05b1acba0",
        "type": "github"
      },
      "original": {
        "owner": "nix-community",
        "repo": "home-manager",
        "type": "github"
      }
    },
    "hy3": {
      "inputs": {
        "hyprland": [
          "hyprland"
        ]
      },
      "locked": {
        "lastModified": 1778750252,
        "narHash": "sha256-P3wwiIfqo89evW7xzI+wOI/qM1WPZBiiSmGNtBmYeVk=",
        "owner": "outfoxxed",
        "repo": "hy3",
        "rev": "a7282db2d7ca336d3c9faa5d10d75fc43eed37aa",
        "type": "github"
      },
      "original": {
        "owner": "outfoxxed",
        "ref": "hl0.55.0",
        "repo": "hy3",
        "type": "github"
      }
    },
    "hypr-darkwindow": {
      "inputs": {
        "hyprland": [
          "hyprland"
        ],
        "nix-filter": "nix-filter"
      },
      "locked": {
        "lastModified": 1782237242,
        "narHash": "sha256-Y0l3qXH0LYUa3iJxqusY0kvLAxReUtOvU5NrgDbOf9A=",
        "owner": "micha4w",
        "repo": "Hypr-DarkWindow",
        "rev": "1ca9cdbf551fe8401e1685e9ede8265bc2069699",
        "type": "github"
      },
      "original": {
        "owner": "micha4w",
        "repo": "Hypr-DarkWindow",
        "rev": "1ca9cdbf551fe8401e1685e9ede8265bc2069699",
        "type": "github"
      }
    },
    "hyprcursor": {
      "inputs": {
        "hyprlang": [
          "hyprland",
          "hyprlang"
        ],
        "nixpkgs": [
          "hyprland",
          "nixpkgs"
        ],
        "systems": [
          "hyprland",
          "systems"
        ]
      },
      "locked": {
        "lastModified": 1776511930,
        "narHash": "sha256-fCpwFiTW0rT7oKJqr3cqHMnkwypSwQKpbtUEtxdkgrM=",
        "owner": "hyprwm",
        "repo": "hyprcursor",
        "rev": "39435900785d0c560c6ae8777d29f28617d031ef",
        "type": "github"
      },
      "original": {
        "owner": "hyprwm",
        "repo": "hyprcursor",
        "type": "github"
      }
    },
    "hyprgraphics": {
      "inputs": {
        "hyprutils": [
          "hyprland",
          "hyprutils"
        ],
        "nixpkgs": [
          "hyprland",
          "nixpkgs"
        ],
        "systems": [
          "hyprland",
          "systems"
        ]
      },
      "locked": {
        "lastModified": 1776426399,
        "narHash": "sha256-RUESLKNikIeEq9ymGJ6nmcDXiSFQpUW1IhJ245nL3xM=",
        "owner": "hyprwm",
        "repo": "hyprgraphics",
        "rev": "68d064434787cf1ed4a2fe257c03c5f52f33cf84",
        "type": "github"
      },
      "original": {
        "owner": "hyprwm",
        "repo": "hyprgraphics",
        "type": "github"
      }
    },
    "hyprland": {
      "inputs": {
        "aquamarine": "aquamarine",
        "hyprcursor": "hyprcursor",
        "hyprgraphics": "hyprgraphics",
        "hyprland-guiutils": "hyprland-guiutils",
        "hyprland-protocols": "hyprland-protocols",
        "hyprlang": "hyprlang",
        "hyprutils": "hyprutils",
        "hyprwayland-scanner": "hyprwayland-scanner",
        "hyprwire": "hyprwire",
        "nixpkgs": "nixpkgs",
        "pre-commit-hooks": "pre-commit-hooks",
        "systems": "systems",
        "xdph": "xdph"
      },
      "locked": {
        "lastModified": 1781197804,
        "narHash": "sha256-JbXqVzLlFp4hVD8AMl9vk3vJRN40o2DVOcZLPqGvBOk=",
        "owner": "hyprwm",
        "repo": "Hyprland",
        "rev": "a0136d8c04687bb36eb8a28eb9d1ff92aea99704",
        "type": "github"
      },
      "original": {
        "owner": "hyprwm",
        "ref": "v0.55.4",
        "repo": "Hyprland",
        "type": "github"
      }
    },
    "hyprland-guiutils": {
      "inputs": {
        "aquamarine": [
          "hyprland",
          "aquamarine"
        ],
        "hyprgraphics": [
          "hyprland",
          "hyprgraphics"
        ],
        "hyprlang": [
          "hyprland",
          "hyprlang"
        ],
        "hyprtoolkit": "hyprtoolkit",
        "hyprutils": [
          "hyprland",
          "hyprutils"
        ],
        "hyprwayland-scanner": [
          "hyprland",
          "hyprwayland-scanner"
        ],
        "nixpkgs": [
          "hyprland",
          "nixpkgs"
        ],
        "systems": [
          "hyprland",
          "systems"
        ]
      },
      "locked": {
        "lastModified": 1776426575,
        "narHash": "sha256-KI6nIfVihn/DPaeB5Et46Xg3dkNHrrEtUd5LBBVomB0=",
        "owner": "hyprwm",
        "repo": "hyprland-guiutils",
        "rev": "a968d211048e3ed538e47b84cb3649299578f19d",
        "type": "github"
      },
      "original": {
        "owner": "hyprwm",
        "repo": "hyprland-guiutils",
        "type": "github"
      }
    },
    "hyprland-protocols": {
      "inputs": {
        "nixpkgs": [
          "hyprland",
          "nixpkgs"
        ],
        "systems": [
          "hyprland",
          "systems"
        ]
      },
      "locked": {
        "lastModified": 1772460177,
        "narHash": "sha256-/6G/MsPvtn7bc4Y32pserBT/Z4SUUdBd4XYJpOEKVR4=",
        "owner": "hyprwm",
        "repo": "hyprland-protocols",
        "rev": "1cb6db5fd6bb8aee419f4457402fa18293ace917",
        "type": "github"
      },
      "original": {
        "owner": "hyprwm",
        "repo": "hyprland-protocols",
        "type": "github"
      }
    },
    "hyprlang": {
      "inputs": {
        "hyprutils": [
          "hyprland",
          "hyprutils"
        ],
        "nixpkgs": [
          "hyprland",
          "nixpkgs"
        ],
        "systems": [
          "hyprland",
          "systems"
        ]
      },
      "locked": {
        "lastModified": 1777320127,
        "narHash": "sha256-Qu+Wf2Bp5qUjyn2YpZNq8a7JyzTGowhT1knrwE38a9U=",
        "owner": "hyprwm",
        "repo": "hyprlang",
        "rev": "090117506ddc3d7f26e650ff344d378c2ec329cc",
        "type": "github"
      },
      "original": {
        "owner": "hyprwm",
        "repo": "hyprlang",
        "type": "github"
      }
    },
    "hyprtoolkit": {
      "inputs": {
        "aquamarine": [
          "hyprland",
          "hyprland-guiutils",
          "aquamarine"
        ],
        "hyprgraphics": [
          "hyprland",
          "hyprland-guiutils",
          "hyprgraphics"
        ],
        "hyprlang": [
          "hyprland",
          "hyprland-guiutils",
          "hyprlang"
        ],
        "hyprutils": [
          "hyprland",
          "hyprland-guiutils",
          "hyprutils"
        ],
        "hyprwayland-scanner": [
          "hyprland",
          "hyprland-guiutils",
          "hyprwayland-scanner"
        ],
        "nixpkgs": [
          "hyprland",
          "hyprland-guiutils",
          "nixpkgs"
        ],
        "systems": [
          "hyprland",
          "hyprland-guiutils",
          "systems"
        ]
      },
      "locked": {
        "lastModified": 1772462885,
        "narHash": "sha256-5pHXrQK9zasMnIo6yME6EOXmWGFMSnCITcfKshhKJ9I=",
        "owner": "hyprwm",
        "repo": "hyprtoolkit",
        "rev": "9af245a69fa6b286b88ddfc340afd288e00a6998",
        "type": "github"
      },
      "original": {
        "owner": "hyprwm",
        "repo": "hyprtoolkit",
        "type": "github"
      }
    },
    "hyprutils": {
      "inputs": {
        "nixpkgs": [
          "hyprland",
          "nixpkgs"
        ],
        "systems": [
          "hyprland",
          "systems"
        ]
      },
      "locked": {
        "lastModified": 1780251518,
        "narHash": "sha256-fG9xbb1SOAAJ+2kJRakp3ch+BmA/3dEg/K3PoAZTKkw=",
        "owner": "hyprwm",
        "repo": "hyprutils",
        "rev": "40ede2e7bdec80ba5d4c443160d905e9f841ae5f",
        "type": "github"
      },
      "original": {
        "owner": "hyprwm",
        "repo": "hyprutils",
        "type": "github"
      }
    },
    "hyprwayland-scanner": {
      "inputs": {
        "nixpkgs": [
          "hyprland",
          "nixpkgs"
        ],
        "systems": [
          "hyprland",
          "systems"
        ]
      },
      "locked": {
        "lastModified": 1777159683,
        "narHash": "sha256-Jxixw6wZphUp+nHYxOKUYSckL17QMBx2d5Zp0rJHr1g=",
        "owner": "hyprwm",
        "repo": "hyprwayland-scanner",
        "rev": "b8632713a6beaf28b56f2a7b0ab2fb7088dbb404",
        "type": "github"
      },
      "original": {
        "owner": "hyprwm",
        "repo": "hyprwayland-scanner",
        "type": "github"
      }
    },
    "hyprwire": {
      "inputs": {
        "hyprutils": [
          "hyprland",
          "hyprutils"
        ],
        "nixpkgs": [
          "hyprland",
          "nixpkgs"
        ],
        "systems": [
          "hyprland",
          "systems"
        ]
      },
      "locked": {
        "lastModified": 1778410714,
        "narHash": "sha256-o6RzFj4nJXaPRY7EM01siuCQeT41RfwwmcmFQqwFJJg=",
        "owner": "hyprwm",
        "repo": "hyprwire",
        "rev": "85148a8e612808cf5ddb25d0b3c5840f3498a7dc",
        "type": "github"
      },
      "original": {
        "owner": "hyprwm",
        "repo": "hyprwire",
        "type": "github"
      }
    },
    "import-tree": {
      "locked": {
        "lastModified": 1784254960,
        "narHash": "sha256-iI88R3wHz8wTKQb5orvpc51L/Xr64AJyxid/0MKa/b8=",
        "owner": "vic",
        "repo": "import-tree",
        "rev": "4ebb10ae17d5f1ad366e7aef5b92cb8eecf24f69",
        "type": "github"
      },
      "original": {
        "owner": "vic",
        "repo": "import-tree",
        "type": "github"
      }
    },
    "lib": {
      "inputs": {
        "home-manager": [
          "home-manager"
        ],
        "nixpkgs": [
          "nixpkgs"
        ],
        "wrappers": [
          "wrappers"
        ]
      },
      "locked": {
        "path": "./lib",
        "type": "path"
      },
      "original": {
        "path": "./lib",
        "type": "path"
      },
      "parent": []
    },
    "nestix": {
      "inputs": {
        "nixpkgs": [
          "nixpkgs"
        ]
      },
      "locked": {
        "lastModified": 1773302293,
        "narHash": "sha256-9IHp7WGOHTBmrBs+tM2ziFEULKIhD89lxfhbHyzbY7Y=",
        "owner": "Noah765",
        "repo": "nestix",
        "rev": "0953d468eb1cdaec54858780bd0a28bc989d597d",
        "type": "github"
      },
      "original": {
        "owner": "Noah765",
        "repo": "nestix",
        "type": "github"
      }
    },
    "nix-filter": {
      "locked": {
        "lastModified": 1757882181,
        "narHash": "sha256-+cCxYIh2UNalTz364p+QYmWHs0P+6wDhiWR4jDIKQIU=",
        "owner": "numtide",
        "repo": "nix-filter",
        "rev": "59c44d1909c72441144b93cf0f054be7fe764de5",
        "type": "github"
      },
      "original": {
        "owner": "numtide",
        "repo": "nix-filter",
        "type": "github"
      }
    },
    "nix-index-database": {
      "inputs": {
        "nixpkgs": [
          "nixpkgs"
        ]
      },
      "locked": {
        "lastModified": 1784440659,
        "narHash": "sha256-Q5kNLlWngt7TaIIZoxDKWMHjiSaNRVqr70FqWCRRfr4=",
        "owner": "nix-community",
        "repo": "nix-index-database",
        "rev": "4f8d52a3598b0dc7db7a5e7b419e3edd9d1ecfdb",
        "type": "github"
      },
      "original": {
        "owner": "nix-community",
        "repo": "nix-index-database",
        "type": "github"
      }
    },
    "nixos-hardware": {
      "inputs": {
        "nixpkgs": [
          "nixpkgs"
        ]
      },
      "locked": {
        "lastModified": 1784310968,
        "narHash": "sha256-rkSPTePrKqs4dg+i7ZFCq93+HrClac6oSwXX927SVjA=",
        "owner": "NixOS",
        "repo": "nixos-hardware",
        "rev": "779c32a00155994c86cde8213a8dd4df139d4355",
        "type": "github"
      },
      "original": {
        "owner": "NixOS",
        "repo": "nixos-hardware",
        "type": "github"
      }
    },
    "nixpkgs": {
      "locked": {
        "lastModified": 1780749050,
        "narHash": "sha256-3av0pIjlOWQ6rDbNOmpUSvbNnJkGORQKKjb4LtCZsIY=",
        "owner": "NixOS",
        "repo": "nixpkgs",
        "rev": "a799d3e3886da994fa307f817a6bc705ae538eeb",
        "type": "github"
      },
      "original": {
        "owner": "NixOS",
        "ref": "nixos-unstable",
        "repo": "nixpkgs",
        "type": "github"
      }
    },
    "nixpkgs_2": {
      "locked": {
        "lastModified": 1784497964,
        "narHash": "sha256-vlHUuqAcbcH2RKmHbPiuQzbv1pnzzavXnI62RD0bqCU=",
        "owner": "NixOS",
        "repo": "nixpkgs",
        "rev": "241313f4e8e508cb9b13278c2b0fa25b9ca27163",
        "type": "github"
      },
      "original": {
        "owner": "NixOS",
        "ref": "nixos-unstable",
        "repo": "nixpkgs",
        "type": "github"
      }
    },
    "pre-commit-hooks": {
      "inputs": {
        "flake-compat": "flake-compat",
        "gitignore": "gitignore",
        "nixpkgs": [
          "hyprland",
          "nixpkgs"
        ]
      },
      "locked": {
        "lastModified": 1778507602,
        "narHash": "sha256-kTwur1wV+01SdqskVMSo6JMEpg71ps3HpbFY2GsflKs=",
        "owner": "cachix",
        "repo": "git-hooks.nix",
        "rev": "61ab0e80d9c7ab14c256b5b453d8b3fb0189ba0a",
        "type": "github"
      },
      "original": {
        "owner": "cachix",
        "repo": "git-hooks.nix",
        "type": "github"
      }
    },
    "preservation": {
      "locked": {
        "lastModified": 1757436102,
        "narHash": "sha256-mMI9IanU+Xw+pVogD2oT0I2kTmvz2Un/Apc5+CwUpEY=",
        "owner": "nix-community",
        "repo": "preservation",
        "rev": "93416f4614ad2dfed5b0dcf12f27e57d27a5ab11",
        "type": "github"
      },
      "original": {
        "owner": "nix-community",
        "repo": "preservation",
        "type": "github"
      }
    },
    "root": {
      "inputs": {
        "browser-catppuccin-theme": "browser-catppuccin-theme",
        "browser-everforest-theme": "browser-everforest-theme",
        "browser-gruvbox-theme": "browser-gruvbox-theme",
        "disko": "disko",
        "file-manager-catppuccin-theme": "file-manager-catppuccin-theme",
        "file-manager-everforest-theme": "file-manager-everforest-theme",
        "file-manager-gruvbox-theme": "file-manager-gruvbox-theme",
        "flake-parts": "flake-parts",
        "greasemonkey-scripts": "greasemonkey-scripts",
        "home-manager": "home-manager",
        "hy3": "hy3",
        "hypr-darkwindow": "hypr-darkwindow",
        "hyprland": "hyprland",
        "import-tree": "import-tree",
        "lib": "lib",
        "nestix": "nestix",
        "nix-index-database": "nix-index-database",
        "nixos-hardware": "nixos-hardware",
        "nixpkgs": "nixpkgs_2",
        "preservation": "preservation",
        "rust-overlay": "rust-overlay",
        "shell": "shell",
        "treefmt": "treefmt",
        "ublock-origin-assets": "ublock-origin-assets",
        "vcs-tui-catppuccin-theme": "vcs-tui-catppuccin-theme",
        "vcs-tui-everforest-theme": "vcs-tui-everforest-theme",
        "vcs-tui-gruvbox-theme": "vcs-tui-gruvbox-theme",
        "wrappers": "wrappers",
        "zellij-sessionizer": "zellij-sessionizer",
        "zellij-switch": "zellij-switch"
      }
    },
    "rust-overlay": {
      "inputs": {
        "nixpkgs": [
          "nixpkgs"
        ]
      },
      "locked": {
        "lastModified": 1784526465,
        "narHash": "sha256-L37teKC6oINWG4PGZLIqbphMWvSQ0PEz+aWxAk+rIDw=",
        "owner": "oxalica",
        "repo": "rust-overlay",
        "rev": "58c6334db52d51fc5dd8877c90b01f00cf8a696b",
        "type": "github"
      },
      "original": {
        "owner": "oxalica",
        "repo": "rust-overlay",
        "type": "github"
      }
    },
    "shell": {
      "inputs": {
        "nixpkgs": [
          "nixpkgs"
        ],
        "treefmt": [
          "treefmt"
        ]
      },
      "locked": {
        "lastModified": 1783090436,
        "narHash": "sha256-QwI+J9k3v+T6J6SuiuD9bmRfcuVKf55PyVJjNSbR2EM=",
        "owner": "Noah765",
        "repo": "shell",
        "rev": "e8a8d674fea33139cd4f062035548ec451b44104",
        "type": "github"
      },
      "original": {
        "owner": "Noah765",
        "repo": "shell",
        "type": "github"
      }
    },
    "systems": {
      "locked": {
        "lastModified": 1689347949,
        "narHash": "sha256-12tWmuL2zgBgZkdoB6qXZsgJEH9LR3oUgpaQq2RbI80=",
        "owner": "nix-systems",
        "repo": "default-linux",
        "rev": "31732fcf5e8fea42e59c2488ad31a0e651500f68",
        "type": "github"
      },
      "original": {
        "owner": "nix-systems",
        "repo": "default-linux",
        "type": "github"
      }
    },
    "systems_2": {
      "locked": {
        "lastModified": 1681028828,
        "narHash": "sha256-Vy1rq5AaRuLzOxct8nz4T6wlgyUR7zLU309k9mBC768=",
        "owner": "nix-systems",
        "repo": "default",
        "rev": "da67096a3b9bf56a91d16901293e51ba5b49a27e",
        "type": "github"
      },
      "original": {
        "owner": "nix-systems",
        "repo": "default",
        "type": "github"
      }
    },
    "treefmt": {
      "inputs": {
        "nixpkgs": [
          "nixpkgs"
        ]
      },
      "locked": {
        "lastModified": 1784369104,
        "narHash": "sha256-47cxbcZODibHv3rELFQ9vZly0vUNkND/atn/U7HLeb0=",
        "owner": "numtide",
        "repo": "treefmt-nix",
        "rev": "df3c0640565d04a0261253cdd89fce78ec50168a",
        "type": "github"
      },
      "original": {
        "owner": "numtide",
        "repo": "treefmt-nix",
        "type": "github"
      }
    },
    "ublock-origin-assets": {
      "flake": false,
      "locked": {
        "lastModified": 1784557073,
        "narHash": "sha256-B+k5mLWewanam2sz/FNWmhSSnNRbWC5cX7JSA1StbEM=",
        "owner": "uBlockOrigin",
        "repo": "uAssets",
        "rev": "0eff5803493e27f7b827b67cd43fed750f8c1a48",
        "type": "github"
      },
      "original": {
        "owner": "uBlockOrigin",
        "repo": "uAssets",
        "type": "github"
      }
    },
    "vcs-tui-catppuccin-theme": {
      "flake": false,
      "locked": {
        "narHash": "sha256-zf7is4XFPw3eWpKvJlqJsaE/KBYxb4iaFK52n59NEUo=",
        "type": "file",
        "url": "https://raw.githubusercontent.com/vic/tinted-jjui/refs/heads/main/themes/base24-catppuccin-mocha.toml"
      },
      "original": {
        "type": "file",
        "url": "https://raw.githubusercontent.com/vic/tinted-jjui/refs/heads/main/themes/base24-catppuccin-mocha.toml"
      }
    },
    "vcs-tui-everforest-theme": {
      "flake": false,
      "locked": {
        "narHash": "sha256-mcuadfDa3rFXuxhV6tMq13Tse2KdhTgVy7GZaRsM7sQ=",
        "type": "file",
        "url": "https://raw.githubusercontent.com/vic/tinted-jjui/refs/heads/main/themes/base16-everforest.toml"
      },
      "original": {
        "type": "file",
        "url": "https://raw.githubusercontent.com/vic/tinted-jjui/refs/heads/main/themes/base16-everforest.toml"
      }
    },
    "vcs-tui-gruvbox-theme": {
      "flake": false,
      "locked": {
        "narHash": "sha256-fogN03Rnt70ioYsMzt6nFTtbPBJCRptiZICAKwRYSqE=",
        "type": "file",
        "url": "https://raw.githubusercontent.com/vic/tinted-jjui/refs/heads/main/themes/base24-gruvbox-dark.toml"
      },
      "original": {
        "type": "file",
        "url": "https://raw.githubusercontent.com/vic/tinted-jjui/refs/heads/main/themes/base24-gruvbox-dark.toml"
      }
    },
    "wrappers": {
      "inputs": {
        "nixpkgs": [
          "nixpkgs"
        ]
      },
      "locked": {
        "lastModified": 1782135443,
        "narHash": "sha256-vAmbArdCyjqpVW+37aCy/PMBOLIqukUXLQuEKLwUhA4=",
        "owner": "BirdeeHub",
        "repo": "nix-wrapper-modules",
        "rev": "6e7f66fa2cdf4d63162580b438f7fcf87c28a46f",
        "type": "github"
      },
      "original": {
        "owner": "BirdeeHub",
        "repo": "nix-wrapper-modules",
        "type": "github"
      }
    },
    "xdph": {
      "inputs": {
        "hyprland-protocols": [
          "hyprland",
          "hyprland-protocols"
        ],
        "hyprlang": [
          "hyprland",
          "hyprlang"
        ],
        "hyprutils": [
          "hyprland",
          "hyprutils"
        ],
        "hyprwayland-scanner": [
          "hyprland",
          "hyprwayland-scanner"
        ],
        "nixpkgs": [
          "hyprland",
          "nixpkgs"
        ],
        "systems": [
          "hyprland",
          "systems"
        ]
      },
      "locked": {
        "lastModified": 1780133819,
        "narHash": "sha256-0YPKIY3dlnR7SPq7Z8ekFVvzFsfeiAtEj+QUI3KHrlI=",
        "owner": "hyprwm",
        "repo": "xdg-desktop-portal-hyprland",
        "rev": "4a170c0ba96fd37374f93d8f91c9ed91814828ac",
        "type": "github"
      },
      "original": {
        "owner": "hyprwm",
        "repo": "xdg-desktop-portal-hyprland",
        "type": "github"
      }
    },
    "zellij-sessionizer": {
      "flake": false,
      "locked": {
        "lastModified": 1763534101,
        "narHash": "sha256-9R4+OpQqDMIhEF1UwIJPkljtvFtqEz2unGC6LupkoqU=",
        "owner": "victor-falcon",
        "repo": "zellij-sessionizer",
        "rev": "275df9e96c4d5adf2d49da7b95adfbf3e128c23f",
        "type": "github"
      },
      "original": {
        "owner": "victor-falcon",
        "repo": "zellij-sessionizer",
        "type": "github"
      }
    },
    "zellij-switch": {
      "inputs": {
        "nixpkgs": [
          "nixpkgs"
        ],
        "rust-overlay": [
          "rust-overlay"
        ],
        "systems": "systems_2"
      },
      "locked": {
        "lastModified": 1781873766,
        "narHash": "sha256-V8baEgRBa2SqtCLbQ4EaphIMKsnAogY2oMdttWYhkEs=",
        "owner": "mostafaqanbaryan",
        "repo": "zellij-switch",
        "rev": "ced3c681afe40785b2853e3a976908466786ee79",
        "type": "github"
      },
      "original": {
        "owner": "mostafaqanbaryan",
        "repo": "zellij-switch",
        "type": "github"
      }
    }
  },
  "root": "root",
  "version": 7
}
